
Microsoft Visual Studio Solution File, Format Version 12.00
# Visual Studio Version 17
VisualStudioVersion = 17.11.35327.3
MinimumVisualStudioVersion = 10.0.40219.1
Project("{FAE04EC0-301F-11D3-BF4B-00C04F79EFBC}") = "Sporty.Web", "Sporty.Web\Sporty.Web.csproj", "{A142F72A-8696-49FB-89C6-D65F030D3F75}"
EndProject
Project("{FAE04EC0-301F-11D3-BF4B-00C04F79EFBC}") = "Sporty.Sports", "Sporty.Common\Sporty.Sports.csproj", "{1D9ED057-CA16-4CFC-9043-1B900FF352CD}"
EndProject
Global
	GlobalSection(SolutionConfigurationPlatforms) = preSolution
		Debug|Any CPU = Debug|Any CPU
		Release|Any CPU = Release|Any CPU
	EndGlobalSection
	GlobalSection(ProjectConfigurationPlatforms) = postSolution
		{A142F72A-8696-49FB-89C6-D65F030D3F75}.Debug|Any CPU.ActiveCfg = Debug|Any CPU
		{A142F72A-8696-49FB-89C6-D65F030D3F75}.Debug|Any CPU.Build.0 = Debug|Any CPU
		{A142F72A-8696-49FB-89C6-D65F030D3F75}.Release|Any CPU.ActiveCfg = Release|Any CPU
		{A142F72A-8696-49FB-89C6-D65F030D3F75}.Release|Any CPU.Build.0 = Release|Any CPU
		{1D9ED057-CA16-4CFC-9043-1B900FF352CD}.Debug|Any CPU.ActiveCfg = Debug|Any CPU
		{1D9ED057-CA16-4CFC-9043-1B900FF352CD}.Debug|Any CPU.Build.0 = Debug|Any CPU
		{1D9ED057-CA16-4CFC-9043-1B900FF352CD}.Release|Any CPU.ActiveCfg = Release|Any CPU
		{1D9ED057-CA16-4CFC-9043-1B900FF352CD}.Release|Any CPU.Build.0 = Release|Any CPU
	EndGlobalSection
	GlobalSection(SolutionProperties) = preSolution
		HideSolutionNode = FALSE
	EndGlobalSection
	GlobalSection(ExtensibilityGlobals) = postSolution
		SolutionGuid = {7ACB8AF3-D444-4B21-944A-B185A84ACDDF}
	EndGlobalSection
EndGlobal
